
Microsoft Visual Studio Solution File, Format Version 12.00
# Visual Studio Version 16
VisualStudioVersion = 16.0.30204.135
MinimumVisualStudioVersion = 10.0.40219.1
Project("{FAE04EC0-301F-11D3-BF4B-00C04F79EFBC}") = "Random", "Random\Random.csproj", "{61199F88-D517-411F-9685-2033D7DE5AF6}"
EndProject
Global
	GlobalSection(SolutionConfigurationPlatforms) = preSolution
		Debug|Any CPU = Debug|Any CPU
		Release|Any CPU = Release|Any CPU
	EndGlobalSection
	GlobalSection(ProjectConfigurationPlatforms) = postSolution
		{61199F88-D517-411F-9685-2033D7DE5AF6}.Debug|Any CPU.ActiveCfg = Debug|Any CPU
		{61199F88-D517-411F-9685-2033D7DE5AF6}.Debug|Any CPU.Build.0 = Debug|Any CPU
		{61199F88-D517-411F-9685-2033D7DE5AF6}.Release|Any CPU.ActiveCfg = Release|Any CPU
		{61199F88-D517-411F-9685-2033D7DE5AF6}.Release|Any CPU.Build.0 = Release|Any CPU
	EndGlobalSection
	GlobalSection(SolutionProperties) = preSolution
		HideSolutionNode = FALSE
	EndGlobalSection
	GlobalSection(ExtensibilityGlobals) = postSolution
		SolutionGuid = {213CED30-9ED9-4FAD-A481-E26F60918456}
	EndGlobalSection
EndGlobal
